
Microsoft Visual Studio Solution File, Format Version 12.00
# Visual Studio Version 16
VisualStudioVersion = 16.0.29411.108
MinimumVisualStudioVersion = 10.0.40219.1
Project("{FAE04EC0-301F-11D3-BF4B-00C04F79EFBC}") = "TemplateUpdate.Android", "TemplateUpdate\TemplateUpdate.Android\TemplateUpdate.Android.csproj", "{E3881F2E-5E63-476B-804D-1E34F7A02742}"
EndProject
Project("{FAE04EC0-301F-11D3-BF4B-00C04F79EFBC}") = "TemplateUpdate.iOS", "TemplateUpdate\TemplateUpdate.iOS\TemplateUpdate.iOS.csproj", "{40F487C7-4620-4193-B8FB-E142C01D1B1F}"
EndProject
Project("{9A19103F-16F7-4668-BE54-9A1E7A4F7556}") = "TemplateUpdate", "TemplateUpdate\TemplateUpdate\TemplateUpdate.csproj", "{652FDB6E-E8B9-4197-BACC-B5DE42B5EABD}"
EndProject
Project("{FAE04EC0-301F-11D3-BF4B-00C04F79EFBC}") = "TemplateUpdate.UWP", "TemplateUpdate\TemplateUpdate.UWP\TemplateUpdate.UWP.csproj", "{9D6482CC-6E6A-440A-90A0-D4A828EBC42F}"
EndProject
Global
	GlobalSection(SolutionConfigurationPlatforms) = preSolution
		Debug|Any CPU = Debug|Any CPU
		Debug|ARM = Debug|ARM
		Debug|ARM64 = Debug|ARM64
		Debug|iPhone = Debug|iPhone
		Debug|iPhoneSimulator = Debug|iPhoneSimulator
		Debug|x64 = Debug|x64
		Debug|x86 = Debug|x86
		Release|Any CPU = Release|Any CPU
		Release|ARM = Release|ARM
		Release|ARM64 = Release|ARM64
		Release|iPhone = Release|iPhone
		Release|iPhoneSimulator = Release|iPhoneSimulator
		Release|x64 = Release|x64
		Release|x86 = Release|x86
	EndGlobalSection
	GlobalSection(ProjectConfigurationPlatforms) = postSolution
		{E3881F2E-5E63-476B-804D-1E34F7A02742}.Debug|Any CPU.ActiveCfg = Debug|Any CPU
		{E3881F2E-5E63-476B-804D-1E34F7A02742}.Debug|Any CPU.Build.0 = Debug|Any CPU
		{E3881F2E-5E63-476B-804D-1E34F7A02742}.Debug|Any CPU.Deploy.0 = Debug|Any CPU
		{E3881F2E-5E63-476B-804D-1E34F7A02742}.Debug|ARM.ActiveCfg = Debug|Any CPU
		{E3881F2E-5E63-476B-804D-1E34F7A02742}.Debug|ARM.Build.0 = Debug|Any CPU
		{E3881F2E-5E63-476B-804D-1E34F7A02742}.Debug|ARM.Deploy.0 = Debug|Any CPU
		{E3881F2E-5E63-476B-804D-1E34F7A02742}.Debug|ARM64.ActiveCfg = Debug|Any CPU
		{E3881F2E-5E63-476B-804D-1E34F7A02742}.Debug|ARM64.Build.0 = Debug|Any CPU
		{E3881F2E-5E63-476B-804D-1E34F7A02742}.Debug|ARM64.Deploy.0 = Debug|Any CPU
		{E3881F2E-5E63-476B-804D-1E34F7A02742}.Debug|iPhone.ActiveCfg = Debug|Any CPU
		{E3881F2E-5E63-476B-804D-1E34F7A02742}.Debug|iPhone.Build.0 = Debug|Any CPU
		{E3881F2E-5E63-476B-804D-1E34F7A02742}.Debug|iPhone.Deploy.0 = Debug|Any CPU
		{E3881F2E-5E63-476B-804D-1E34F7A02742}.Debug|iPhoneSimulator.ActiveCfg = Debug|Any CPU
		{E3881F2E-5E63-476B-804D-1E34F7A02742}.Debug|iPhoneSimulator.Build.0 = Debug|Any CPU
		{E3881F2E-5E63-476B-804D-1E34F7A02742}.Debug|iPhoneSimulator.Deploy.0 = Debug|Any CPU
		{E3881F2E-5E63-476B-804D-1E34F7A02742}.Debug|x64.ActiveCfg = Debug|Any CPU
		{E3881F2E-5E63-476B-804D-1E34F7A02742}.Debug|x64.Build.0 = Debug|Any CPU
		{E3881F2E-5E63-476B-804D-1E34F7A02742}.Debug|x64.Deploy.0 = Debug|Any CPU
		{E3881F2E-5E63-476B-804D-1E34F7A02742}.Debug|x86.ActiveCfg = Debug|Any CPU
		{E3881F2E-5E63-476B-804D-1E34F7A02742}.Debug|x86.Build.0 = Debug|Any CPU
		{E3881F2E-5E63-476B-804D-1E34F7A02742}.Debug|x86.Deploy.0 = Debug|Any CPU
		{E3881F2E-5E63-476B-804D-1E34F7A02742}.Release|Any CPU.ActiveCfg = Release|Any CPU
		{E3881F2E-5E63-476B-804D-1E34F7A02742}.Release|Any CPU.Build.0 = Release|Any CPU
		{E3881F2E-5E63-476B-804D-1E34F7A02742}.Release|Any CPU.Deploy.0 = Release|Any CPU
		{E3881F2E-5E63-476B-804D-1E34F7A02742}.Release|ARM.ActiveCfg = Release|Any CPU
		{E3881F2E-5E63-476B-804D-1E34F7A02742}.Release|ARM.Build.0 = Release|Any CPU
		{E3881F2E-5E63-476B-804D-1E34F7A02742}.Release|ARM.Deploy.0 = Release|Any CPU
		{E3881F2E-5E63-476B-804D-1E34F7A02742}.Release|ARM64.ActiveCfg = Release|Any CPU
		{E3881F2E-5E63-476B-804D-1E34F7A02742}.Release|ARM64.Build.0 = Release|Any CPU
		{E3881F2E-5E63-476B-804D-1E34F7A02742}.Release|ARM64.Deploy.0 = Release|Any CPU
		{E3881F2E-5E63-476B-804D-1E34F7A02742}.Release|iPhone.ActiveCfg = Release|Any CPU
		{E3881F2E-5E63-476B-804D-1E34F7A02742}.Release|iPhone.Build.0 = Release|Any CPU
		{E3881F2E-5E63-476B-804D-1E34F7A02742}.Release|iPhone.Deploy.0 = Release|Any CPU
		{E3881F2E-5E63-476B-804D-1E34F7A02742}.Release|iPhoneSimulator.ActiveCfg = Release|Any CPU
		{E3881F2E-5E63-476B-804D-1E34F7A02742}.Release|iPhoneSimulator.Build.0 = Release|Any CPU
		{E3881F2E-5E63-476B-804D-1E34F7A02742}.Release|iPhoneSimulator.Deploy.0 = Release|Any CPU
		{E3881F2E-5E63-476B-804D-1E34F7A02742}.Release|x64.ActiveCfg = Release|Any CPU
		{E3881F2E-5E63-476B-804D-1E34F7A02742}.Release|x64.Build.0 = Release|Any CPU
		{E3881F2E-5E63-476B-804D-1E34F7A02742}.Release|x64.Deploy.0 = Release|Any CPU
		{E3881F2E-5E63-476B-804D-1E34F7A02742}.Release|x86.ActiveCfg = Release|Any CPU
		{E3881F2E-5E63-476B-804D-1E34F7A02742}.Release|x86.Build.0 = Release|Any CPU
		{E3881F2E-5E63-476B-804D-1E34F7A02742}.Release|x86.Deploy.0 = Release|Any CPU
		{40F487C7-4620-4193-B8FB-E142C01D1B1F}.Debug|Any CPU.ActiveCfg = Debug|iPhoneSimulator
		{40F487C7-4620-4193-B8FB-E142C01D1B1F}.Debug|Any CPU.Build.0 = Debug|iPhoneSimulator
		{40F487C7-4620-4193-B8FB-E142C01D1B1F}.Debug|Any CPU.Deploy.0 = Debug|iPhoneSimulator
		{40F487C7-4620-4193-B8FB-E142C01D1B1F}.Debug|ARM.ActiveCfg = Debug|iPhone
		{40F487C7-4620-4193-B8FB-E142C01D1B1F}.Debug|ARM64.ActiveCfg = Debug|iPhone
		{40F487C7-4620-4193-B8FB-E142C01D1B1F}.Debug|iPhone.ActiveCfg = Debug|iPhone
		{40F487C7-4620-4193-B8FB-E142C01D1B1F}.Debug|iPhone.Build.0 = Debug|iPhone
		{40F487C7-4620-4193-B8FB-E142C01D1B1F}.Debug|iPhone.Deploy.0 = Debug|iPhone
		{40F487C7-4620-4193-B8FB-E142C01D1B1F}.Debug|iPhoneSimulator.ActiveCfg = Debug|iPhoneSimulator
		{40F487C7-4620-4193-B8FB-E142C01D1B1F}.Debug|iPhoneSimulator.Build.0 = Debug|iPhoneSimulator
		{40F487C7-4620-4193-B8FB-E142C01D1B1F}.Debug|iPhoneSimulator.Deploy.0 = Debug|iPhoneSimulator
		{40F487C7-4620-4193-B8FB-E142C01D1B1F}.Debug|x64.ActiveCfg = Debug|iPhone
		{40F487C7-4620-4193-B8FB-E142C01D1B1F}.Debug|x86.ActiveCfg = Debug|iPhone
		{40F487C7-4620-4193-B8FB-E142C01D1B1F}.Release|Any CPU.ActiveCfg = Release|iPhone
		{40F487C7-4620-4193-B8FB-E142C01D1B1F}.Release|Any CPU.Build.0 = Release|iPhone
		{40F487C7-4620-4193-B8FB-E142C01D1B1F}.Release|Any CPU.Deploy.0 = Release|iPhone
		{40F487C7-4620-4193-B8FB-E142C01D1B1F}.Release|ARM.ActiveCfg = Release|iPhoneSimulator
		{40F487C7-4620-4193-B8FB-E142C01D1B1F}.Release|ARM64.ActiveCfg = Release|iPhoneSimulator
		{40F487C7-4620-4193-B8FB-E142C01D1B1F}.Release|iPhone.ActiveCfg = Release|iPhone
		{40F487C7-4620-4193-B8FB-E142C01D1B1F}.Release|iPhone.Build.0 = Release|iPhone
		{40F487C7-4620-4193-B8FB-E142C01D1B1F}.Release|iPhone.Deploy.0 = Release|iPhone
		{40F487C7-4620-4193-B8FB-E142C01D1B1F}.Release|iPhoneSimulator.ActiveCfg = Release|iPhoneSimulator
		{40F487C7-4620-4193-B8FB-E142C01D1B1F}.Release|iPhoneSimulator.Build.0 = Release|iPhoneSimulator
		{40F487C7-4620-4193-B8FB-E142C01D1B1F}.Release|iPhoneSimulator.Deploy.0 = Release|iPhoneSimulator
		{40F487C7-4620-4193-B8FB-E142C01D1B1F}.Release|x64.ActiveCfg = Release|iPhoneSimulator
		{40F487C7-4620-4193-B8FB-E142C01D1B1F}.Release|x86.ActiveCfg = Release|iPhoneSimulator
		{652FDB6E-E8B9-4197-BACC-B5DE42B5EABD}.Debug|Any CPU.ActiveCfg = Debug|Any CPU
		{652FDB6E-E8B9-4197-BACC-B5DE42B5EABD}.Debug|Any CPU.Build.0 = Debug|Any CPU
		{652FDB6E-E8B9-4197-BACC-B5DE42B5EABD}.Debug|Any CPU.Deploy.0 = Debug|Any CPU
		{652FDB6E-E8B9-4197-BACC-B5DE42B5EABD}.Debug|ARM.ActiveCfg = Debug|Any CPU
		{652FDB6E-E8B9-4197-BACC-B5DE42B5EABD}.Debug|ARM.Build.0 = Debug|Any CPU
		{652FDB6E-E8B9-4197-BACC-B5DE42B5EABD}.Debug|ARM64.ActiveCfg = Debug|Any CPU
		{652FDB6E-E8B9-4197-BACC-B5DE42B5EABD}.Debug|ARM64.Build.0 = Debug|Any CPU
		{652FDB6E-E8B9-4197-BACC-B5DE42B5EABD}.Debug|iPhone.ActiveCfg = Debug|Any CPU
		{652FDB6E-E8B9-4197-BACC-B5DE42B5EABD}.Debug|iPhone.Build.0 = Debug|Any CPU
		{652FDB6E-E8B9-4197-BACC-B5DE42B5EABD}.Debug|iPhone.Deploy.0 = Debug|Any CPU
		{652FDB6E-E8B9-4197-BACC-B5DE42B5EABD}.Debug|iPhoneSimulator.ActiveCfg = Debug|Any CPU
		{652FDB6E-E8B9-4197-BACC-B5DE42B5EABD}.Debug|iPhoneSimulator.Build.0 = Debug|Any CPU
		{652FDB6E-E8B9-4197-BACC-B5DE42B5EABD}.Debug|iPhoneSimulator.Deploy.0 = Debug|Any CPU
		{652FDB6E-E8B9-4197-BACC-B5DE42B5EABD}.Debug|x64.ActiveCfg = Debug|Any CPU
		{652FDB6E-E8B9-4197-BACC-B5DE42B5EABD}.Debug|x64.Build.0 = Debug|Any CPU
		{652FDB6E-E8B9-4197-BACC-B5DE42B5EABD}.Debug|x86.ActiveCfg = Debug|Any CPU
		{652FDB6E-E8B9-4197-BACC-B5DE42B5EABD}.Debug|x86.Build.0 = Debug|Any CPU
		{652FDB6E-E8B9-4197-BACC-B5DE42B5EABD}.Release|Any CPU.ActiveCfg = Release|Any CPU
		{652FDB6E-E8B9-4197-BACC-B5DE42B5EABD}.Release|Any CPU.Build.0 = Release|Any CPU
		{652FDB6E-E8B9-4197-BACC-B5DE42B5EABD}.Release|Any CPU.Deploy.0 = Release|Any CPU
		{652FDB6E-E8B9-4197-BACC-B5DE42B5EABD}.Release|ARM.ActiveCfg = Release|Any CPU
		{652FDB6E-E8B9-4197-BACC-B5DE42B5EABD}.Release|ARM.Build.0 = Release|Any CPU
		{652FDB6E-E8B9-4197-BACC-B5DE42B5EABD}.Release|ARM64.ActiveCfg = Release|Any CPU
		{652FDB6E-E8B9-4197-BACC-B5DE42B5EABD}.Release|ARM64.Build.0 = Release|Any CPU
		{652FDB6E-E8B9-4197-BACC-B5DE42B5EABD}.Release|iPhone.ActiveCfg = Release|Any CPU
		{652FDB6E-E8B9-4197-BACC-B5DE42B5EABD}.Release|iPhone.Build.0 = Release|Any CPU
		{652FDB6E-E8B9-4197-BACC-B5DE42B5EABD}.Release|iPhone.Deploy.0 = Release|Any CPU
		{652FDB6E-E8B9-4197-BACC-B5DE42B5EABD}.Release|iPhoneSimulator.ActiveCfg = Release|Any CPU
		{652FDB6E-E8B9-4197-BACC-B5DE42B5EABD}.Release|iPhoneSimulator.Build.0 = Release|Any CPU
		{652FDB6E-E8B9-4197-BACC-B5DE42B5EABD}.Release|iPhoneSimulator.Deploy.0 = Release|Any CPU
		{652FDB6E-E8B9-4197-BACC-B5DE42B5EABD}.Release|x64.ActiveCfg = Release|Any CPU
		{652FDB6E-E8B9-4197-BACC-B5DE42B5EABD}.Release|x64.Build.0 = Release|Any CPU
		{652FDB6E-E8B9-4197-BACC-B5DE42B5EABD}.Release|x86.ActiveCfg = Release|Any CPU
		{652FDB6E-E8B9-4197-BACC-B5DE42B5EABD}.Release|x86.Build.0 = Release|Any CPU
		{9D6482CC-6E6A-440A-90A0-D4A828EBC42F}.Debug|Any CPU.ActiveCfg = Debug|x86
		{9D6482CC-6E6A-440A-90A0-D4A828EBC42F}.Debug|ARM.ActiveCfg = Debug|ARM
		{9D6482CC-6E6A-440A-90A0-D4A828EBC42F}.Debug|ARM.Build.0 = Debug|ARM
		{9D6482CC-6E6A-440A-90A0-D4A828EBC42F}.Debug|ARM.Deploy.0 = Debug|ARM
		{9D6482CC-6E6A-440A-90A0-D4A828EBC42F}.Debug|ARM64.ActiveCfg = Debug|ARM64
		{9D6482CC-6E6A-440A-90A0-D4A828EBC42F}.Debug|ARM64.Build.0 = Debug|ARM64
		{9D6482CC-6E6A-440A-90A0-D4A828EBC42F}.Debug|ARM64.Deploy.0 = Debug|ARM64
		{9D6482CC-6E6A-440A-90A0-D4A828EBC42F}.Debug|iPhone.ActiveCfg = Debug|x86
		{9D6482CC-6E6A-440A-90A0-D4A828EBC42F}.Debug|iPhoneSimulator.ActiveCfg = Debug|x86
		{9D6482CC-6E6A-440A-90A0-D4A828EBC42F}.Debug|x64.ActiveCfg = Debug|x64
		{9D6482CC-6E6A-440A-90A0-D4A828EBC42F}.Debug|x64.Build.0 = Debug|x64
		{9D6482CC-6E6A-440A-90A0-D4A828EBC42F}.Debug|x64.Deploy.0 = Debug|x64
		{9D6482CC-6E6A-440A-90A0-D4A828EBC42F}.Debug|x86.ActiveCfg = Debug|x86
		{9D6482CC-6E6A-440A-90A0-D4A828EBC42F}.Debug|x86.Build.0 = Debug|x86
		{9D6482CC-6E6A-440A-90A0-D4A828EBC42F}.Debug|x86.Deploy.0 = Debug|x86
		{9D6482CC-6E6A-440A-90A0-D4A828EBC42F}.Release|Any CPU.ActiveCfg = Release|x86
		{9D6482CC-6E6A-440A-90A0-D4A828EBC42F}.Release|ARM.ActiveCfg = Release|ARM
		{9D6482CC-6E6A-440A-90A0-D4A828EBC42F}.Release|ARM.Build.0 = Release|ARM
		{9D6482CC-6E6A-440A-90A0-D4A828EBC42F}.Release|ARM.Deploy.0 = Release|ARM
		{9D6482CC-6E6A-440A-90A0-D4A828EBC42F}.Release|ARM64.ActiveCfg = Release|ARM64
		{9D6482CC-6E6A-440A-90A0-D4A828EBC42F}.Release|ARM64.Build.0 = Release|ARM64
		{9D6482CC-6E6A-440A-90A0-D4A828EBC42F}.Release|ARM64.Deploy.0 = Release|ARM64
		{9D6482CC-6E6A-440A-90A0-D4A828EBC42F}.Release|iPhone.ActiveCfg = Release|x86
		{9D6482CC-6E6A-440A-90A0-D4A828EBC42F}.Release|iPhoneSimulator.ActiveCfg = Release|x86
		{9D6482CC-6E6A-440A-90A0-D4A828EBC42F}.Release|x64.ActiveCfg = Release|x64
		{9D6482CC-6E6A-440A-90A0-D4A828EBC42F}.Release|x64.Build.0 = Release|x64
		{9D6482CC-6E6A-440A-90A0-D4A828EBC42F}.Release|x64.Deploy.0 = Release|x64
		{9D6482CC-6E6A-440A-90A0-D4A828EBC42F}.Release|x86.ActiveCfg = Release|x86
		{9D6482CC-6E6A-440A-90A0-D4A828EBC42F}.Release|x86.Build.0 = Release|x86
		{9D6482CC-6E6A-440A-90A0-D4A828EBC42F}.Release|x86.Deploy.0 = Release|x86
	EndGlobalSection
	GlobalSection(SolutionProperties) = preSolution
		HideSolutionNode = FALSE
	EndGlobalSection
	GlobalSection(ExtensibilityGlobals) = postSolution
		SolutionGuid = {CBB5E550-9206-4531-AB0E-9F79052BC76C}
	EndGlobalSection
EndGlobal
